
[zdharma-continuum/fast-syntax-highlighting]=3d574ccf48804b10dca52625df13da5edae7f553
[romkatv/powerlevel10k]=36f3045d69d1ba402db09d09eb12b42eebe0fa3b
[ohmyzsh]=9e23925b8581d22033f07f1983587412d3761494
[zsh-users/zsh-autosuggestions]=85919cd1ffa7d2d5412f6d3fe437ebdbeeec4fc5
[zsh-users/zsh-history-substring-search]=87ce96b1862928d84b1afe7c173316614b30e301
